# This file is automatically @generated by Cargo.
# It is not intended for manual editing.
version = 4

[[package]]
name = "liman"
version = "0.1.0"
dependencies = [
 "liman-core",
 "liman-widgets",
]

[[package]]
name = "liman-core"
version = "0.1.0"

[[package]]
name = "liman-widgets"
version = "0.1.0"
dependencies = [
 "liman-core",
]
